
Microsoft Visual Studio Solution File, Format Version 12.00
# Visual Studio 2012
Project("{FAE04EC0-301F-11D3-BF4B-00C04F79EFBC}") = "Exercicio2", "Exercicio2\Exercicio2.csproj", "{548385A1-E506-4D88-BF12-C285FCE8E672}"
EndProject
Global
	GlobalSection(SolutionConfigurationPlatforms) = preSolution
		Debug|Any CPU = Debug|Any CPU
		Release|Any CPU = Release|Any CPU
	EndGlobalSection
	GlobalSection(ProjectConfigurationPlatforms) = postSolution
		{548385A1-E506-4D88-BF12-C285FCE8E672}.Debug|Any CPU.ActiveCfg = Debug|Any CPU
		{548385A1-E506-4D88-BF12-C285FCE8E672}.Debug|Any CPU.Build.0 = Debug|Any CPU
		{548385A1-E506-4D88-BF12-C285FCE8E672}.Release|Any CPU.ActiveCfg = Release|Any CPU
		{548385A1-E506-4D88-BF12-C285FCE8E672}.Release|Any CPU.Build.0 = Release|Any CPU
	EndGlobalSection
	GlobalSection(SolutionProperties) = preSolution
		HideSolutionNode = FALSE
	EndGlobalSection
EndGlobal
