
Microsoft Visual Studio Solution File, Format Version 12.00
# Visual Studio 2012
Project("{FAE04EC0-301F-11D3-BF4B-00C04F79EFBC}") = "Atividade ED2 -10-02", "Atividade ED2 -10-02\Atividade ED2 -10-02.csproj", "{AF638306-4DEA-46C4-85B0-DE54889EC72B}"
EndProject
Global
	GlobalSection(SolutionConfigurationPlatforms) = preSolution
		Debug|Any CPU = Debug|Any CPU
		Release|Any CPU = Release|Any CPU
	EndGlobalSection
	GlobalSection(ProjectConfigurationPlatforms) = postSolution
		{AF638306-4DEA-46C4-85B0-DE54889EC72B}.Debug|Any CPU.ActiveCfg = Debug|Any CPU
		{AF638306-4DEA-46C4-85B0-DE54889EC72B}.Debug|Any CPU.Build.0 = Debug|Any CPU
		{AF638306-4DEA-46C4-85B0-DE54889EC72B}.Release|Any CPU.ActiveCfg = Release|Any CPU
		{AF638306-4DEA-46C4-85B0-DE54889EC72B}.Release|Any CPU.Build.0 = Release|Any CPU
	EndGlobalSection
	GlobalSection(SolutionProperties) = preSolution
		HideSolutionNode = FALSE
	EndGlobalSection
EndGlobal
