
Microsoft Visual Studio Solution File, Format Version 12.00
# Visual Studio 2012
Project("{FAE04EC0-301F-11D3-BF4B-00C04F79EFBC}") = "somanumeros", "somanumeros\somanumeros.csproj", "{F617AF12-BFB4-408B-A927-92957D24CBB4}"
EndProject
Global
	GlobalSection(SolutionConfigurationPlatforms) = preSolution
		Debug|Any CPU = Debug|Any CPU
		Release|Any CPU = Release|Any CPU
	EndGlobalSection
	GlobalSection(ProjectConfigurationPlatforms) = postSolution
		{F617AF12-BFB4-408B-A927-92957D24CBB4}.Debug|Any CPU.ActiveCfg = Debug|Any CPU
		{F617AF12-BFB4-408B-A927-92957D24CBB4}.Debug|Any CPU.Build.0 = Debug|Any CPU
		{F617AF12-BFB4-408B-A927-92957D24CBB4}.Release|Any CPU.ActiveCfg = Release|Any CPU
		{F617AF12-BFB4-408B-A927-92957D24CBB4}.Release|Any CPU.Build.0 = Release|Any CPU
	EndGlobalSection
	GlobalSection(SolutionProperties) = preSolution
		HideSolutionNode = FALSE
	EndGlobalSection
EndGlobal
