
Microsoft Visual Studio Solution File, Format Version 12.00
# Visual Studio 2012
Project("{FAE04EC0-301F-11D3-BF4B-00C04F79EFBC}") = "torre_hanoi", "torre_hanoi\torre_hanoi.csproj", "{BC73C5DE-42B0-49BC-9424-9506C2D104BC}"
EndProject
Global
	GlobalSection(SolutionConfigurationPlatforms) = preSolution
		Debug|Any CPU = Debug|Any CPU
		Release|Any CPU = Release|Any CPU
	EndGlobalSection
	GlobalSection(ProjectConfigurationPlatforms) = postSolution
		{BC73C5DE-42B0-49BC-9424-9506C2D104BC}.Debug|Any CPU.ActiveCfg = Debug|Any CPU
		{BC73C5DE-42B0-49BC-9424-9506C2D104BC}.Debug|Any CPU.Build.0 = Debug|Any CPU
		{BC73C5DE-42B0-49BC-9424-9506C2D104BC}.Release|Any CPU.ActiveCfg = Release|Any CPU
		{BC73C5DE-42B0-49BC-9424-9506C2D104BC}.Release|Any CPU.Build.0 = Release|Any CPU
	EndGlobalSection
	GlobalSection(SolutionProperties) = preSolution
		HideSolutionNode = FALSE
	EndGlobalSection
EndGlobal
