
Microsoft Visual Studio Solution File, Format Version 12.00
# Visual Studio 2012
Project("{FAE04EC0-301F-11D3-BF4B-00C04F79EFBC}") = "Salario_aula_06_11", "Salario_aula_06_11\Salario_aula_06_11.csproj", "{A75D285A-8C2D-4BEA-ABB5-670CFE4EDA1B}"
EndProject
Global
	GlobalSection(SolutionConfigurationPlatforms) = preSolution
		Debug|Any CPU = Debug|Any CPU
		Release|Any CPU = Release|Any CPU
	EndGlobalSection
	GlobalSection(ProjectConfigurationPlatforms) = postSolution
		{A75D285A-8C2D-4BEA-ABB5-670CFE4EDA1B}.Debug|Any CPU.ActiveCfg = Debug|Any CPU
		{A75D285A-8C2D-4BEA-ABB5-670CFE4EDA1B}.Debug|Any CPU.Build.0 = Debug|Any CPU
		{A75D285A-8C2D-4BEA-ABB5-670CFE4EDA1B}.Release|Any CPU.ActiveCfg = Release|Any CPU
		{A75D285A-8C2D-4BEA-ABB5-670CFE4EDA1B}.Release|Any CPU.Build.0 = Release|Any CPU
	EndGlobalSection
	GlobalSection(SolutionProperties) = preSolution
		HideSolutionNode = FALSE
	EndGlobalSection
EndGlobal
