
Microsoft Visual Studio Solution File, Format Version 12.00
# Visual Studio 2012
Project("{FAE04EC0-301F-11D3-BF4B-00C04F79EFBC}") = "tbMensagem", "tbMensagem\tbMensagem.csproj", "{09F2EE62-EAD9-4173-AB00-2D7342CE312B}"
EndProject
Global
	GlobalSection(SolutionConfigurationPlatforms) = preSolution
		Debug|Any CPU = Debug|Any CPU
		Release|Any CPU = Release|Any CPU
	EndGlobalSection
	GlobalSection(ProjectConfigurationPlatforms) = postSolution
		{09F2EE62-EAD9-4173-AB00-2D7342CE312B}.Debug|Any CPU.ActiveCfg = Debug|Any CPU
		{09F2EE62-EAD9-4173-AB00-2D7342CE312B}.Debug|Any CPU.Build.0 = Debug|Any CPU
		{09F2EE62-EAD9-4173-AB00-2D7342CE312B}.Release|Any CPU.ActiveCfg = Release|Any CPU
		{09F2EE62-EAD9-4173-AB00-2D7342CE312B}.Release|Any CPU.Build.0 = Release|Any CPU
	EndGlobalSection
	GlobalSection(SolutionProperties) = preSolution
		HideSolutionNode = FALSE
	EndGlobalSection
EndGlobal
