
Microsoft Visual Studio Solution File, Format Version 12.00
# Visual Studio 2012
Project("{FAE04EC0-301F-11D3-BF4B-00C04F79EFBC}") = "aumento salario2", "aumento salario2\aumento salario2.csproj", "{A177E8D2-86EF-41E3-AB81-F5A3E60B7504}"
EndProject
Global
	GlobalSection(SolutionConfigurationPlatforms) = preSolution
		Debug|Any CPU = Debug|Any CPU
		Release|Any CPU = Release|Any CPU
	EndGlobalSection
	GlobalSection(ProjectConfigurationPlatforms) = postSolution
		{A177E8D2-86EF-41E3-AB81-F5A3E60B7504}.Debug|Any CPU.ActiveCfg = Debug|Any CPU
		{A177E8D2-86EF-41E3-AB81-F5A3E60B7504}.Debug|Any CPU.Build.0 = Debug|Any CPU
		{A177E8D2-86EF-41E3-AB81-F5A3E60B7504}.Release|Any CPU.ActiveCfg = Release|Any CPU
		{A177E8D2-86EF-41E3-AB81-F5A3E60B7504}.Release|Any CPU.Build.0 = Release|Any CPU
	EndGlobalSection
	GlobalSection(SolutionProperties) = preSolution
		HideSolutionNode = FALSE
	EndGlobalSection
EndGlobal
