
Microsoft Visual Studio Solution File, Format Version 12.00
# Visual Studio 2012
Project("{FAE04EC0-301F-11D3-BF4B-00C04F79EFBC}") = "seg_lista_exc_num2", "seg_lista_exc_num2\seg_lista_exc_num2.csproj", "{F702EA4A-0C4A-45E9-A4F5-3A5F68A647CD}"
EndProject
Global
	GlobalSection(SolutionConfigurationPlatforms) = preSolution
		Debug|Any CPU = Debug|Any CPU
		Release|Any CPU = Release|Any CPU
	EndGlobalSection
	GlobalSection(ProjectConfigurationPlatforms) = postSolution
		{F702EA4A-0C4A-45E9-A4F5-3A5F68A647CD}.Debug|Any CPU.ActiveCfg = Debug|Any CPU
		{F702EA4A-0C4A-45E9-A4F5-3A5F68A647CD}.Debug|Any CPU.Build.0 = Debug|Any CPU
		{F702EA4A-0C4A-45E9-A4F5-3A5F68A647CD}.Release|Any CPU.ActiveCfg = Release|Any CPU
		{F702EA4A-0C4A-45E9-A4F5-3A5F68A647CD}.Release|Any CPU.Build.0 = Release|Any CPU
	EndGlobalSection
	GlobalSection(SolutionProperties) = preSolution
		HideSolutionNode = FALSE
	EndGlobalSection
EndGlobal
