
Microsoft Visual Studio Solution File, Format Version 12.00
# Visual Studio 2012
Project("{FAE04EC0-301F-11D3-BF4B-00C04F79EFBC}") = "Calculadora", "Calculadora\Calculadora.csproj", "{D65332DB-0475-47E3-97FC-0C712B425BBE}"
EndProject
Global
	GlobalSection(SolutionConfigurationPlatforms) = preSolution
		Debug|Any CPU = Debug|Any CPU
		Release|Any CPU = Release|Any CPU
	EndGlobalSection
	GlobalSection(ProjectConfigurationPlatforms) = postSolution
		{D65332DB-0475-47E3-97FC-0C712B425BBE}.Debug|Any CPU.ActiveCfg = Debug|Any CPU
		{D65332DB-0475-47E3-97FC-0C712B425BBE}.Debug|Any CPU.Build.0 = Debug|Any CPU
		{D65332DB-0475-47E3-97FC-0C712B425BBE}.Release|Any CPU.ActiveCfg = Release|Any CPU
		{D65332DB-0475-47E3-97FC-0C712B425BBE}.Release|Any CPU.Build.0 = Release|Any CPU
	EndGlobalSection
	GlobalSection(SolutionProperties) = preSolution
		HideSolutionNode = FALSE
	EndGlobalSection
EndGlobal
