
Microsoft Visual Studio Solution File, Format Version 12.00
# Visual Studio 2012
Project("{FAE04EC0-301F-11D3-BF4B-00C04F79EFBC}") = "ConsoleApplication4", "ConsoleApplication4\ConsoleApplication4.csproj", "{00D5439B-6C04-4272-8356-95D5D4582698}"
EndProject
Global
	GlobalSection(SolutionConfigurationPlatforms) = preSolution
		Debug|Any CPU = Debug|Any CPU
		Release|Any CPU = Release|Any CPU
	EndGlobalSection
	GlobalSection(ProjectConfigurationPlatforms) = postSolution
		{00D5439B-6C04-4272-8356-95D5D4582698}.Debug|Any CPU.ActiveCfg = Debug|Any CPU
		{00D5439B-6C04-4272-8356-95D5D4582698}.Debug|Any CPU.Build.0 = Debug|Any CPU
		{00D5439B-6C04-4272-8356-95D5D4582698}.Release|Any CPU.ActiveCfg = Release|Any CPU
		{00D5439B-6C04-4272-8356-95D5D4582698}.Release|Any CPU.Build.0 = Release|Any CPU
	EndGlobalSection
	GlobalSection(SolutionProperties) = preSolution
		HideSolutionNode = FALSE
	EndGlobalSection
EndGlobal
