
Microsoft Visual Studio Solution File, Format Version 11.00
# Visual Studio 2010
Project("{FAE04EC0-301F-11D3-BF4B-00C04F79EFBC}") = "Exercicio 19", "Exercicio 19\Exercicio 19.csproj", "{48AF10A9-A32A-4BF6-AC56-7E6B2B97C40C}"
EndProject
Global
	GlobalSection(SolutionConfigurationPlatforms) = preSolution
		Debug|x86 = Debug|x86
		Release|x86 = Release|x86
	EndGlobalSection
	GlobalSection(ProjectConfigurationPlatforms) = postSolution
		{48AF10A9-A32A-4BF6-AC56-7E6B2B97C40C}.Debug|x86.ActiveCfg = Debug|x86
		{48AF10A9-A32A-4BF6-AC56-7E6B2B97C40C}.Debug|x86.Build.0 = Debug|x86
		{48AF10A9-A32A-4BF6-AC56-7E6B2B97C40C}.Release|x86.ActiveCfg = Release|x86
		{48AF10A9-A32A-4BF6-AC56-7E6B2B97C40C}.Release|x86.Build.0 = Release|x86
	EndGlobalSection
	GlobalSection(SolutionProperties) = preSolution
		HideSolutionNode = FALSE
	EndGlobalSection
EndGlobal
