
Microsoft Visual Studio Solution File, Format Version 12.00
# Visual Studio 2012
Project("{FAE04EC0-301F-11D3-BF4B-00C04F79EFBC}") = "k19", "k19\k19.csproj", "{D3672D1B-F7D3-4B54-A03E-D7EB0AB86D59}"
EndProject
Global
	GlobalSection(SolutionConfigurationPlatforms) = preSolution
		Debug|Any CPU = Debug|Any CPU
		Release|Any CPU = Release|Any CPU
	EndGlobalSection
	GlobalSection(ProjectConfigurationPlatforms) = postSolution
		{D3672D1B-F7D3-4B54-A03E-D7EB0AB86D59}.Debug|Any CPU.ActiveCfg = Debug|Any CPU
		{D3672D1B-F7D3-4B54-A03E-D7EB0AB86D59}.Debug|Any CPU.Build.0 = Debug|Any CPU
		{D3672D1B-F7D3-4B54-A03E-D7EB0AB86D59}.Release|Any CPU.ActiveCfg = Release|Any CPU
		{D3672D1B-F7D3-4B54-A03E-D7EB0AB86D59}.Release|Any CPU.Build.0 = Release|Any CPU
	EndGlobalSection
	GlobalSection(SolutionProperties) = preSolution
		HideSolutionNode = FALSE
	EndGlobalSection
EndGlobal
