
Microsoft Visual Studio Solution File, Format Version 12.00
# Visual Studio 2012
Project("{FAE04EC0-301F-11D3-BF4B-00C04F79EFBC}") = "cliente_struct_ex3_lista01", "cliente_struct_ex3_lista01\cliente_struct_ex3_lista01.csproj", "{0DD5F8AA-C2AC-47E6-8BF7-364CA159D9FE}"
EndProject
Global
	GlobalSection(SolutionConfigurationPlatforms) = preSolution
		Debug|Any CPU = Debug|Any CPU
		Release|Any CPU = Release|Any CPU
	EndGlobalSection
	GlobalSection(ProjectConfigurationPlatforms) = postSolution
		{0DD5F8AA-C2AC-47E6-8BF7-364CA159D9FE}.Debug|Any CPU.ActiveCfg = Debug|Any CPU
		{0DD5F8AA-C2AC-47E6-8BF7-364CA159D9FE}.Debug|Any CPU.Build.0 = Debug|Any CPU
		{0DD5F8AA-C2AC-47E6-8BF7-364CA159D9FE}.Release|Any CPU.ActiveCfg = Release|Any CPU
		{0DD5F8AA-C2AC-47E6-8BF7-364CA159D9FE}.Release|Any CPU.Build.0 = Release|Any CPU
	EndGlobalSection
	GlobalSection(SolutionProperties) = preSolution
		HideSolutionNode = FALSE
	EndGlobalSection
EndGlobal
