
Microsoft Visual Studio Solution File, Format Version 12.00
# Visual Studio 2012
Project("{FAE04EC0-301F-11D3-BF4B-00C04F79EFBC}") = "descontoproduto16", "descontoproduto16\descontoproduto16.csproj", "{D372FB66-9C2C-4A45-BF15-CDDDF7937441}"
EndProject
Global
	GlobalSection(SolutionConfigurationPlatforms) = preSolution
		Debug|Any CPU = Debug|Any CPU
		Release|Any CPU = Release|Any CPU
	EndGlobalSection
	GlobalSection(ProjectConfigurationPlatforms) = postSolution
		{D372FB66-9C2C-4A45-BF15-CDDDF7937441}.Debug|Any CPU.ActiveCfg = Debug|Any CPU
		{D372FB66-9C2C-4A45-BF15-CDDDF7937441}.Debug|Any CPU.Build.0 = Debug|Any CPU
		{D372FB66-9C2C-4A45-BF15-CDDDF7937441}.Release|Any CPU.ActiveCfg = Release|Any CPU
		{D372FB66-9C2C-4A45-BF15-CDDDF7937441}.Release|Any CPU.Build.0 = Release|Any CPU
	EndGlobalSection
	GlobalSection(SolutionProperties) = preSolution
		HideSolutionNode = FALSE
	EndGlobalSection
EndGlobal
