
Microsoft Visual Studio Solution File, Format Version 12.00
# Visual Studio 2012
Project("{FAE04EC0-301F-11D3-BF4B-00C04F79EFBC}") = "Proj_Int_Dio", "Proj_Int_Dio\Proj_Int_Dio.csproj", "{CBF5F7BC-6922-4967-B362-8E8034B5F545}"
EndProject
Global
	GlobalSection(SolutionConfigurationPlatforms) = preSolution
		Debug|Any CPU = Debug|Any CPU
		Release|Any CPU = Release|Any CPU
	EndGlobalSection
	GlobalSection(ProjectConfigurationPlatforms) = postSolution
		{CBF5F7BC-6922-4967-B362-8E8034B5F545}.Debug|Any CPU.ActiveCfg = Debug|Any CPU
		{CBF5F7BC-6922-4967-B362-8E8034B5F545}.Debug|Any CPU.Build.0 = Debug|Any CPU
		{CBF5F7BC-6922-4967-B362-8E8034B5F545}.Release|Any CPU.ActiveCfg = Release|Any CPU
		{CBF5F7BC-6922-4967-B362-8E8034B5F545}.Release|Any CPU.Build.0 = Release|Any CPU
	EndGlobalSection
	GlobalSection(SolutionProperties) = preSolution
		HideSolutionNode = FALSE
	EndGlobalSection
EndGlobal
