
Microsoft Visual Studio Solution File, Format Version 12.00
# Visual Studio 2012
Project("{FAE04EC0-301F-11D3-BF4B-00C04F79EFBC}") = "Exercicio1", "Exercicio1\Exercicio1.csproj", "{E6C84102-70F5-4273-AEB0-480EAAD969EC}"
EndProject
Global
	GlobalSection(SolutionConfigurationPlatforms) = preSolution
		Debug|Any CPU = Debug|Any CPU
		Release|Any CPU = Release|Any CPU
	EndGlobalSection
	GlobalSection(ProjectConfigurationPlatforms) = postSolution
		{E6C84102-70F5-4273-AEB0-480EAAD969EC}.Debug|Any CPU.ActiveCfg = Debug|Any CPU
		{E6C84102-70F5-4273-AEB0-480EAAD969EC}.Debug|Any CPU.Build.0 = Debug|Any CPU
		{E6C84102-70F5-4273-AEB0-480EAAD969EC}.Release|Any CPU.ActiveCfg = Release|Any CPU
		{E6C84102-70F5-4273-AEB0-480EAAD969EC}.Release|Any CPU.Build.0 = Release|Any CPU
	EndGlobalSection
	GlobalSection(SolutionProperties) = preSolution
		HideSolutionNode = FALSE
	EndGlobalSection
EndGlobal
