
Microsoft Visual Studio Solution File, Format Version 12.00
# Visual Studio 14
VisualStudioVersion = 14.0.23107.0
MinimumVisualStudioVersion = 10.0.40219.1
Project("{FAE04EC0-301F-11D3-BF4B-00C04F79EFBC}") = "aula18_08", "aula18_08\aula18_08.csproj", "{AB9A488F-0CA4-4F04-A62C-C948DCC495A9}"
EndProject
Global
	GlobalSection(SolutionConfigurationPlatforms) = preSolution
		Debug|Any CPU = Debug|Any CPU
		Release|Any CPU = Release|Any CPU
	EndGlobalSection
	GlobalSection(ProjectConfigurationPlatforms) = postSolution
		{AB9A488F-0CA4-4F04-A62C-C948DCC495A9}.Debug|Any CPU.ActiveCfg = Debug|Any CPU
		{AB9A488F-0CA4-4F04-A62C-C948DCC495A9}.Debug|Any CPU.Build.0 = Debug|Any CPU
		{AB9A488F-0CA4-4F04-A62C-C948DCC495A9}.Release|Any CPU.ActiveCfg = Release|Any CPU
		{AB9A488F-0CA4-4F04-A62C-C948DCC495A9}.Release|Any CPU.Build.0 = Release|Any CPU
	EndGlobalSection
	GlobalSection(SolutionProperties) = preSolution
		HideSolutionNode = FALSE
	EndGlobalSection
EndGlobal
