
Microsoft Visual Studio Solution File, Format Version 12.00
# Visual Studio 2012
Project("{FAE04EC0-301F-11D3-BF4B-00C04F79EFBC}") = "ExemploConsole", "ExemploConsole\ExemploConsole.csproj", "{23ED8D77-B3FB-438D-B395-AE704844BC55}"
EndProject
Global
	GlobalSection(SolutionConfigurationPlatforms) = preSolution
		Debug|Any CPU = Debug|Any CPU
		Release|Any CPU = Release|Any CPU
	EndGlobalSection
	GlobalSection(ProjectConfigurationPlatforms) = postSolution
		{23ED8D77-B3FB-438D-B395-AE704844BC55}.Debug|Any CPU.ActiveCfg = Debug|Any CPU
		{23ED8D77-B3FB-438D-B395-AE704844BC55}.Debug|Any CPU.Build.0 = Debug|Any CPU
		{23ED8D77-B3FB-438D-B395-AE704844BC55}.Release|Any CPU.ActiveCfg = Release|Any CPU
		{23ED8D77-B3FB-438D-B395-AE704844BC55}.Release|Any CPU.Build.0 = Release|Any CPU
	EndGlobalSection
	GlobalSection(SolutionProperties) = preSolution
		HideSolutionNode = FALSE
	EndGlobalSection
EndGlobal
